
Microsoft Visual Studio Solution File, Format Version 12.00
# Visual Studio 2013
VisualStudioVersion = 12.0.21005.1
MinimumVisualStudioVersion = 10.0.40219.1
Project("{2150E333-8FDC-42A3-9474-1A3956D46DE8}") = "Application.Framework", "Application.Framework", "{1E48C461-82C1-4807-9E70-FD81CA8BB893}"
	ProjectSection(SolutionItems) = preProject
		README.txt = README.txt
	EndProjectSection
EndProject
Project("{2150E333-8FDC-42A3-9474-1A3956D46DE8}") = "Application.Front", "Application.Front", "{3B0AF77C-1816-4E8B-BEBB-BD0F053B22E8}"
EndProject
Project("{FAE04EC0-301F-11D3-BF4B-00C04F79EFBC}") = "TravelClient.UX", "TravelClient.UX\TravelClient.UX.csproj", "{865654FC-EF83-4848-91B6-A80D88742E79}"
EndProject
Project("{2150E333-8FDC-42A3-9474-1A3956D46DE8}") = "Application.Back", "Application.Back", "{C583E99C-6071-4535-BF17-CF809A5ACD98}"
EndProject
Project("{2150E333-8FDC-42A3-9474-1A3956D46DE8}") = "Application.ServiceInterface", "Application.ServiceInterface", "{2F676DD4-29F4-41F8-BE6D-430E200A1765}"
EndProject
Project("{FAE04EC0-301F-11D3-BF4B-00C04F79EFBC}") = "TravelService.Model", "TravelService.Model\TravelService.Model.csproj", "{707F22E6-23F3-45D7-A11E-FE3B1DEC0A30}"
EndProject
Project("{FAE04EC0-301F-11D3-BF4B-00C04F79EFBC}") = "TravelService.Service", "TravelService.Service\TravelService.Service.csproj", "{FCE483F1-BE68-4271-B00E-740012AE02C9}"
EndProject
Project("{FAE04EC0-301F-11D3-BF4B-00C04F79EFBC}") = "Application.Back.TravelService.UnitTest", "Application.Back.TravelService.UnitTest\Application.Back.TravelService.UnitTest.csproj", "{3CEC70A6-5F33-4ACF-8C77-BF31CE61AA7E}"
EndProject
Project("{FAE04EC0-301F-11D3-BF4B-00C04F79EFBC}") = "DATABASE", "DATABASE\DATABASE.csproj", "{3337E05E-79AD-4577-A9CC-2B737A6DDF3C}"
EndProject
Project("{2150E333-8FDC-42A3-9474-1A3956D46DE8}") = "TravelService.Domain", "TravelService.Domain", "{7C64C1F5-8A37-49A9-9853-ADA4021F7E0F}"
EndProject
Project("{2150E333-8FDC-42A3-9474-1A3956D46DE8}") = "TravelService.Infrasture", "TravelService.Infrasture", "{BAD702AB-3ACD-4E50-BAB2-9DB331B19710}"
EndProject
Project("{2150E333-8FDC-42A3-9474-1A3956D46DE8}") = "TravelService.Layerseed", "TravelService.Layerseed", "{A0C3AC1E-0178-4C06-BE41-24DE702F106D}"
EndProject
Project("{FAE04EC0-301F-11D3-BF4B-00C04F79EFBC}") = "Domain.SeedWork", "Domain.SeedWork\Domain.SeedWork.csproj", "{EC6E151B-EF22-48B4-83B6-89C261344E08}"
EndProject
Project("{FAE04EC0-301F-11D3-BF4B-00C04F79EFBC}") = "Infrastructor.MainBoundedContext", "Infrastructor.MainBoundedContext\Infrastructor.MainBoundedContext.csproj", "{7A737165-5F75-494A-A02E-AC673082C81A}"
EndProject
Project("{FAE04EC0-301F-11D3-BF4B-00C04F79EFBC}") = "Domain.MainBoundedContext", "Domain.MainBoundedContext\Domain.MainBoundedContext.csproj", "{97A0D587-ABA4-4831-9479-A67B9CFD0431}"
EndProject
Project("{2150E333-8FDC-42A3-9474-1A3956D46DE8}") = "TravelService.Application", "TravelService.Application", "{D5EAEBB5-8B8C-4619-85C2-7998A869A119}"
EndProject
Project("{FAE04EC0-301F-11D3-BF4B-00C04F79EFBC}") = "Application.MainBoundedContext", "Application.MainBoundedContect\Application.MainBoundedContext.csproj", "{76739EB7-CC94-4CD6-8CAD-5CF1C1A8EB70}"
EndProject
Project("{FAE04EC0-301F-11D3-BF4B-00C04F79EFBC}") = "Application.MainBoundedContext.DAO", "Application.MainBoundedContext.DAO\Application.MainBoundedContext.DAO.csproj", "{D534164A-FA1A-4EF2-857F-1CEDE864E793}"
EndProject
Project("{FAE04EC0-301F-11D3-BF4B-00C04F79EFBC}") = "Infrastructor.SeedWork", "Infrastructor.SeedWork\Infrastructor.SeedWork.csproj", "{B5A4276F-C64C-4C2E-91B7-5489CE8D55CC}"
EndProject
Global
	GlobalSection(SolutionConfigurationPlatforms) = preSolution
		Debug|Any CPU = Debug|Any CPU
		Release|Any CPU = Release|Any CPU
	EndGlobalSection
	GlobalSection(ProjectConfigurationPlatforms) = postSolution
		{865654FC-EF83-4848-91B6-A80D88742E79}.Debug|Any CPU.ActiveCfg = Debug|Any CPU
		{865654FC-EF83-4848-91B6-A80D88742E79}.Debug|Any CPU.Build.0 = Debug|Any CPU
		{865654FC-EF83-4848-91B6-A80D88742E79}.Release|Any CPU.ActiveCfg = Release|Any CPU
		{865654FC-EF83-4848-91B6-A80D88742E79}.Release|Any CPU.Build.0 = Release|Any CPU
		{707F22E6-23F3-45D7-A11E-FE3B1DEC0A30}.Debug|Any CPU.ActiveCfg = Debug|Any CPU
		{707F22E6-23F3-45D7-A11E-FE3B1DEC0A30}.Debug|Any CPU.Build.0 = Debug|Any CPU
		{707F22E6-23F3-45D7-A11E-FE3B1DEC0A30}.Release|Any CPU.ActiveCfg = Release|Any CPU
		{707F22E6-23F3-45D7-A11E-FE3B1DEC0A30}.Release|Any CPU.Build.0 = Release|Any CPU
		{FCE483F1-BE68-4271-B00E-740012AE02C9}.Debug|Any CPU.ActiveCfg = Debug|Any CPU
		{FCE483F1-BE68-4271-B00E-740012AE02C9}.Debug|Any CPU.Build.0 = Debug|Any CPU
		{FCE483F1-BE68-4271-B00E-740012AE02C9}.Release|Any CPU.ActiveCfg = Release|Any CPU
		{FCE483F1-BE68-4271-B00E-740012AE02C9}.Release|Any CPU.Build.0 = Release|Any CPU
		{3CEC70A6-5F33-4ACF-8C77-BF31CE61AA7E}.Debug|Any CPU.ActiveCfg = Debug|Any CPU
		{3CEC70A6-5F33-4ACF-8C77-BF31CE61AA7E}.Debug|Any CPU.Build.0 = Debug|Any CPU
		{3CEC70A6-5F33-4ACF-8C77-BF31CE61AA7E}.Release|Any CPU.ActiveCfg = Release|Any CPU
		{3CEC70A6-5F33-4ACF-8C77-BF31CE61AA7E}.Release|Any CPU.Build.0 = Release|Any CPU
		{3337E05E-79AD-4577-A9CC-2B737A6DDF3C}.Debug|Any CPU.ActiveCfg = Debug|Any CPU
		{3337E05E-79AD-4577-A9CC-2B737A6DDF3C}.Debug|Any CPU.Build.0 = Debug|Any CPU
		{3337E05E-79AD-4577-A9CC-2B737A6DDF3C}.Release|Any CPU.ActiveCfg = Release|Any CPU
		{3337E05E-79AD-4577-A9CC-2B737A6DDF3C}.Release|Any CPU.Build.0 = Release|Any CPU
		{EC6E151B-EF22-48B4-83B6-89C261344E08}.Debug|Any CPU.ActiveCfg = Debug|Any CPU
		{EC6E151B-EF22-48B4-83B6-89C261344E08}.Debug|Any CPU.Build.0 = Debug|Any CPU
		{EC6E151B-EF22-48B4-83B6-89C261344E08}.Release|Any CPU.ActiveCfg = Release|Any CPU
		{EC6E151B-EF22-48B4-83B6-89C261344E08}.Release|Any CPU.Build.0 = Release|Any CPU
		{7A737165-5F75-494A-A02E-AC673082C81A}.Debug|Any CPU.ActiveCfg = Debug|Any CPU
		{7A737165-5F75-494A-A02E-AC673082C81A}.Debug|Any CPU.Build.0 = Debug|Any CPU
		{7A737165-5F75-494A-A02E-AC673082C81A}.Release|Any CPU.ActiveCfg = Release|Any CPU
		{7A737165-5F75-494A-A02E-AC673082C81A}.Release|Any CPU.Build.0 = Release|Any CPU
		{97A0D587-ABA4-4831-9479-A67B9CFD0431}.Debug|Any CPU.ActiveCfg = Debug|Any CPU
		{97A0D587-ABA4-4831-9479-A67B9CFD0431}.Debug|Any CPU.Build.0 = Debug|Any CPU
		{97A0D587-ABA4-4831-9479-A67B9CFD0431}.Release|Any CPU.ActiveCfg = Release|Any CPU
		{97A0D587-ABA4-4831-9479-A67B9CFD0431}.Release|Any CPU.Build.0 = Release|Any CPU
		{76739EB7-CC94-4CD6-8CAD-5CF1C1A8EB70}.Debug|Any CPU.ActiveCfg = Debug|Any CPU
		{76739EB7-CC94-4CD6-8CAD-5CF1C1A8EB70}.Debug|Any CPU.Build.0 = Debug|Any CPU
		{76739EB7-CC94-4CD6-8CAD-5CF1C1A8EB70}.Release|Any CPU.ActiveCfg = Release|Any CPU
		{76739EB7-CC94-4CD6-8CAD-5CF1C1A8EB70}.Release|Any CPU.Build.0 = Release|Any CPU
		{D534164A-FA1A-4EF2-857F-1CEDE864E793}.Debug|Any CPU.ActiveCfg = Debug|Any CPU
		{D534164A-FA1A-4EF2-857F-1CEDE864E793}.Debug|Any CPU.Build.0 = Debug|Any CPU
		{D534164A-FA1A-4EF2-857F-1CEDE864E793}.Release|Any CPU.ActiveCfg = Release|Any CPU
		{D534164A-FA1A-4EF2-857F-1CEDE864E793}.Release|Any CPU.Build.0 = Release|Any CPU
		{B5A4276F-C64C-4C2E-91B7-5489CE8D55CC}.Debug|Any CPU.ActiveCfg = Debug|Any CPU
		{B5A4276F-C64C-4C2E-91B7-5489CE8D55CC}.Debug|Any CPU.Build.0 = Debug|Any CPU
		{B5A4276F-C64C-4C2E-91B7-5489CE8D55CC}.Release|Any CPU.ActiveCfg = Release|Any CPU
		{B5A4276F-C64C-4C2E-91B7-5489CE8D55CC}.Release|Any CPU.Build.0 = Release|Any CPU
	EndGlobalSection
	GlobalSection(SolutionProperties) = preSolution
		HideSolutionNode = FALSE
	EndGlobalSection
	GlobalSection(NestedProjects) = preSolution
		{865654FC-EF83-4848-91B6-A80D88742E79} = {3B0AF77C-1816-4E8B-BEBB-BD0F053B22E8}
		{3337E05E-79AD-4577-A9CC-2B737A6DDF3C} = {3B0AF77C-1816-4E8B-BEBB-BD0F053B22E8}
		{707F22E6-23F3-45D7-A11E-FE3B1DEC0A30} = {C583E99C-6071-4535-BF17-CF809A5ACD98}
		{FCE483F1-BE68-4271-B00E-740012AE02C9} = {C583E99C-6071-4535-BF17-CF809A5ACD98}
		{7C64C1F5-8A37-49A9-9853-ADA4021F7E0F} = {C583E99C-6071-4535-BF17-CF809A5ACD98}
		{BAD702AB-3ACD-4E50-BAB2-9DB331B19710} = {C583E99C-6071-4535-BF17-CF809A5ACD98}
		{A0C3AC1E-0178-4C06-BE41-24DE702F106D} = {C583E99C-6071-4535-BF17-CF809A5ACD98}
		{D5EAEBB5-8B8C-4619-85C2-7998A869A119} = {C583E99C-6071-4535-BF17-CF809A5ACD98}
		{97A0D587-ABA4-4831-9479-A67B9CFD0431} = {7C64C1F5-8A37-49A9-9853-ADA4021F7E0F}
		{7A737165-5F75-494A-A02E-AC673082C81A} = {BAD702AB-3ACD-4E50-BAB2-9DB331B19710}
		{EC6E151B-EF22-48B4-83B6-89C261344E08} = {A0C3AC1E-0178-4C06-BE41-24DE702F106D}
		{B5A4276F-C64C-4C2E-91B7-5489CE8D55CC} = {A0C3AC1E-0178-4C06-BE41-24DE702F106D}
		{76739EB7-CC94-4CD6-8CAD-5CF1C1A8EB70} = {D5EAEBB5-8B8C-4619-85C2-7998A869A119}
		{D534164A-FA1A-4EF2-857F-1CEDE864E793} = {D5EAEBB5-8B8C-4619-85C2-7998A869A119}
	EndGlobalSection
EndGlobal
