
Microsoft Visual Studio Solution File, Format Version 12.00
# Visual Studio 2013
VisualStudioVersion = 12.0.21005.1
MinimumVisualStudioVersion = 10.0.40219.1
Project("{2150E333-8FDC-42A3-9474-1A3956D46DE8}") = "Application.Framework", "Application.Framework", "{1E48C461-82C1-4807-9E70-FD81CA8BB893}"
	ProjectSection(SolutionItems) = preProject
		README.txt = README.txt
	EndProjectSection
EndProject
Project("{2150E333-8FDC-42A3-9474-1A3956D46DE8}") = "Application.Front", "Application.Front", "{3B0AF77C-1816-4E8B-BEBB-BD0F053B22E8}"
EndProject
Project("{FAE04EC0-301F-11D3-BF4B-00C04F79EFBC}") = "TravelClient.UX", "TravelClient.UX\TravelClient.UX.csproj", "{865654FC-EF83-4848-91B6-A80D88742E79}"
EndProject
Project("{FAE04EC0-301F-11D3-BF4B-00C04F79EFBC}") = "DATABASE", "DATABASE\DATABASE.csproj", "{3337E05E-79AD-4577-A9CC-2B737A6DDF3C}"
EndProject
Global
	GlobalSection(SolutionConfigurationPlatforms) = preSolution
		Debug|Any CPU = Debug|Any CPU
		Release|Any CPU = Release|Any CPU
	EndGlobalSection
	GlobalSection(ProjectConfigurationPlatforms) = postSolution
		{865654FC-EF83-4848-91B6-A80D88742E79}.Debug|Any CPU.ActiveCfg = Debug|Any CPU
		{865654FC-EF83-4848-91B6-A80D88742E79}.Debug|Any CPU.Build.0 = Debug|Any CPU
		{865654FC-EF83-4848-91B6-A80D88742E79}.Release|Any CPU.ActiveCfg = Release|Any CPU
		{865654FC-EF83-4848-91B6-A80D88742E79}.Release|Any CPU.Build.0 = Release|Any CPU
		{3337E05E-79AD-4577-A9CC-2B737A6DDF3C}.Debug|Any CPU.ActiveCfg = Debug|Any CPU
		{3337E05E-79AD-4577-A9CC-2B737A6DDF3C}.Debug|Any CPU.Build.0 = Debug|Any CPU
		{3337E05E-79AD-4577-A9CC-2B737A6DDF3C}.Release|Any CPU.ActiveCfg = Release|Any CPU
		{3337E05E-79AD-4577-A9CC-2B737A6DDF3C}.Release|Any CPU.Build.0 = Release|Any CPU
	EndGlobalSection
	GlobalSection(SolutionProperties) = preSolution
		HideSolutionNode = FALSE
	EndGlobalSection
	GlobalSection(NestedProjects) = preSolution
		{865654FC-EF83-4848-91B6-A80D88742E79} = {3B0AF77C-1816-4E8B-BEBB-BD0F053B22E8}
		{3337E05E-79AD-4577-A9CC-2B737A6DDF3C} = {3B0AF77C-1816-4E8B-BEBB-BD0F053B22E8}
	EndGlobalSection
EndGlobal
