
Microsoft Visual Studio Solution File, Format Version 12.00
# Visual Studio 2013
VisualStudioVersion = 12.0.21005.1
MinimumVisualStudioVersion = 10.0.40219.1
Project("{2150E333-8FDC-42A3-9474-1A3956D46DE8}") = "Application.Framework", "Application.Framework", "{1E48C461-82C1-4807-9E70-FD81CA8BB893}"
	ProjectSection(SolutionItems) = preProject
		README.txt = README.txt
	EndProjectSection
EndProject
Project("{2150E333-8FDC-42A3-9474-1A3956D46DE8}") = "Application.Front", "Application.Front", "{3B0AF77C-1816-4E8B-BEBB-BD0F053B22E8}"
EndProject
Project("{FAE04EC0-301F-11D3-BF4B-00C04F79EFBC}") = "TravelClient.UX", "TravelClient.UX\TravelClient.UX.csproj", "{865654FC-EF83-4848-91B6-A80D88742E79}"
EndProject
Project("{2150E333-8FDC-42A3-9474-1A3956D46DE8}") = "Application.Back", "Application.Back", "{C583E99C-6071-4535-BF17-CF809A5ACD98}"
EndProject
Project("{2150E333-8FDC-42A3-9474-1A3956D46DE8}") = "Application.ServiceInterface", "Application.ServiceInterface", "{2F676DD4-29F4-41F8-BE6D-430E200A1765}"
EndProject
Project("{FAE04EC0-301F-11D3-BF4B-00C04F79EFBC}") = "TravelService.Model", "TravelService.Model\TravelService.Model.csproj", "{707F22E6-23F3-45D7-A11E-FE3B1DEC0A30}"
EndProject
Project("{FAE04EC0-301F-11D3-BF4B-00C04F79EFBC}") = "TravelService.Service", "TravelService.Service\TravelService.Service.csproj", "{FCE483F1-BE68-4271-B00E-740012AE02C9}"
EndProject
Project("{FAE04EC0-301F-11D3-BF4B-00C04F79EFBC}") = "Application.Back.TravelService.UnitTest", "Application.Back.TravelService.UnitTest\Application.Back.TravelService.UnitTest.csproj", "{3CEC70A6-5F33-4ACF-8C77-BF31CE61AA7E}"
EndProject
Global
	GlobalSection(SolutionConfigurationPlatforms) = preSolution
		Debug|Any CPU = Debug|Any CPU
		Release|Any CPU = Release|Any CPU
	EndGlobalSection
	GlobalSection(ProjectConfigurationPlatforms) = postSolution
		{865654FC-EF83-4848-91B6-A80D88742E79}.Debug|Any CPU.ActiveCfg = Debug|Any CPU
		{865654FC-EF83-4848-91B6-A80D88742E79}.Debug|Any CPU.Build.0 = Debug|Any CPU
		{865654FC-EF83-4848-91B6-A80D88742E79}.Release|Any CPU.ActiveCfg = Release|Any CPU
		{865654FC-EF83-4848-91B6-A80D88742E79}.Release|Any CPU.Build.0 = Release|Any CPU
		{707F22E6-23F3-45D7-A11E-FE3B1DEC0A30}.Debug|Any CPU.ActiveCfg = Debug|Any CPU
		{707F22E6-23F3-45D7-A11E-FE3B1DEC0A30}.Debug|Any CPU.Build.0 = Debug|Any CPU
		{707F22E6-23F3-45D7-A11E-FE3B1DEC0A30}.Release|Any CPU.ActiveCfg = Release|Any CPU
		{707F22E6-23F3-45D7-A11E-FE3B1DEC0A30}.Release|Any CPU.Build.0 = Release|Any CPU
		{FCE483F1-BE68-4271-B00E-740012AE02C9}.Debug|Any CPU.ActiveCfg = Debug|Any CPU
		{FCE483F1-BE68-4271-B00E-740012AE02C9}.Debug|Any CPU.Build.0 = Debug|Any CPU
		{FCE483F1-BE68-4271-B00E-740012AE02C9}.Release|Any CPU.ActiveCfg = Release|Any CPU
		{FCE483F1-BE68-4271-B00E-740012AE02C9}.Release|Any CPU.Build.0 = Release|Any CPU
		{3CEC70A6-5F33-4ACF-8C77-BF31CE61AA7E}.Debug|Any CPU.ActiveCfg = Debug|Any CPU
		{3CEC70A6-5F33-4ACF-8C77-BF31CE61AA7E}.Debug|Any CPU.Build.0 = Debug|Any CPU
		{3CEC70A6-5F33-4ACF-8C77-BF31CE61AA7E}.Release|Any CPU.ActiveCfg = Release|Any CPU
		{3CEC70A6-5F33-4ACF-8C77-BF31CE61AA7E}.Release|Any CPU.Build.0 = Release|Any CPU
	EndGlobalSection
	GlobalSection(SolutionProperties) = preSolution
		HideSolutionNode = FALSE
	EndGlobalSection
	GlobalSection(NestedProjects) = preSolution
		{865654FC-EF83-4848-91B6-A80D88742E79} = {3B0AF77C-1816-4E8B-BEBB-BD0F053B22E8}
		{707F22E6-23F3-45D7-A11E-FE3B1DEC0A30} = {C583E99C-6071-4535-BF17-CF809A5ACD98}
		{FCE483F1-BE68-4271-B00E-740012AE02C9} = {C583E99C-6071-4535-BF17-CF809A5ACD98}
	EndGlobalSection
EndGlobal
